
Microsoft Visual Studio Solution File, Format Version 12.00
# Visual Studio Version 17
VisualStudioVersion = 17.10.34928.147
MinimumVisualStudioVersion = 10.0.40219.1
Project("{FAE04EC0-301F-11D3-BF4B-00C04F79EFBC}") = "C. Zadanie_1", "C. Zadanie_1\C. Zadanie_1.csproj", "{95F26363-BE95-43C2-AB9C-D77731AD66B4}"
EndProject
Project("{FAE04EC0-301F-11D3-BF4B-00C04F79EFBC}") = "C. Zadanie_2", "C. Zadanie_2\C. Zadanie_2.csproj", "{EB2709CD-1983-4DA8-A022-4AD5C7908504}"
EndProject
Project("{FAE04EC0-301F-11D3-BF4B-00C04F79EFBC}") = "C. Zadanie_3", "C. Zadanie_3\C. Zadanie_3.csproj", "{EE71A777-665A-43A9-8D23-13FA082D86EE}"
EndProject
Project("{FAE04EC0-301F-11D3-BF4B-00C04F79EFBC}") = "C. Zadanie_4", "C. Zadanie_4\C. Zadanie_4.csproj", "{661708AB-3ADC-4434-B916-3D583D609A64}"
EndProject
Project("{FAE04EC0-301F-11D3-BF4B-00C04F79EFBC}") = "C. Zadanie_5", "C. Zadanie_5\C. Zadanie_5.csproj", "{CA22140A-0216-49CC-B22B-E81AA3B0C959}"
EndProject
Project("{FAE04EC0-301F-11D3-BF4B-00C04F79EFBC}") = "C. Zadanie_6", "C. Zadanie_6\C. Zadanie_6.csproj", "{92C3C04D-47F9-48A3-8B40-39585B119DB3}"
EndProject
Project("{FAE04EC0-301F-11D3-BF4B-00C04F79EFBC}") = "C. Zadanie_7", "C. Zadanie_7\C. Zadanie_7.csproj", "{F1A002E9-A146-43CF-B6BB-72AA513B0E9A}"
EndProject
Project("{FAE04EC0-301F-11D3-BF4B-00C04F79EFBC}") = "C. Zadanie_8", "C. Zadanie_8\C. Zadanie_8.csproj", "{74D4FEA5-6E50-4947-B1FD-DE4172831AD5}"
EndProject
Project("{FAE04EC0-301F-11D3-BF4B-00C04F79EFBC}") = "C. Zadanie_9", "C. Zadanie_9\C. Zadanie_9.csproj", "{C898F970-1899-434E-B107-DC2BD5D163E7}"
EndProject
Project("{FAE04EC0-301F-11D3-BF4B-00C04F79EFBC}") = "C. Zadanie_10", "C. Zadanie_10\C. Zadanie_10.csproj", "{0647BACC-B9CD-437F-9BF0-28FBD81612E8}"
EndProject
Project("{FAE04EC0-301F-11D3-BF4B-00C04F79EFBC}") = "C. Zadanie_11", "C. Zadanie_11\C. Zadanie_11.csproj", "{73984A79-A50A-48D5-B846-2310123CC2FE}"
EndProject
Project("{FAE04EC0-301F-11D3-BF4B-00C04F79EFBC}") = "C. Zadanie_12", "C. Zadanie_12\C. Zadanie_12.csproj", "{F2B79747-E0D4-434E-886D-142DFD1F07BF}"
EndProject
Project("{FAE04EC0-301F-11D3-BF4B-00C04F79EFBC}") = "C. Zadanie_13", "C. Zadanie_13\C. Zadanie_13.csproj", "{D23FCF8B-02D4-4776-B923-71E2D1C3BBAC}"
EndProject
Project("{FAE04EC0-301F-11D3-BF4B-00C04F79EFBC}") = "C. Zadanie_14", "C. Zadanie_14\C. Zadanie_14.csproj", "{77486351-315C-40D9-BD4A-FC7CDEC99080}"
EndProject
Global
	GlobalSection(SolutionConfigurationPlatforms) = preSolution
		Debug|Any CPU = Debug|Any CPU
		Release|Any CPU = Release|Any CPU
	EndGlobalSection
	GlobalSection(ProjectConfigurationPlatforms) = postSolution
		{95F26363-BE95-43C2-AB9C-D77731AD66B4}.Debug|Any CPU.ActiveCfg = Debug|Any CPU
		{95F26363-BE95-43C2-AB9C-D77731AD66B4}.Debug|Any CPU.Build.0 = Debug|Any CPU
		{95F26363-BE95-43C2-AB9C-D77731AD66B4}.Release|Any CPU.ActiveCfg = Release|Any CPU
		{95F26363-BE95-43C2-AB9C-D77731AD66B4}.Release|Any CPU.Build.0 = Release|Any CPU
		{EB2709CD-1983-4DA8-A022-4AD5C7908504}.Debug|Any CPU.ActiveCfg = Debug|Any CPU
		{EB2709CD-1983-4DA8-A022-4AD5C7908504}.Debug|Any CPU.Build.0 = Debug|Any CPU
		{EB2709CD-1983-4DA8-A022-4AD5C7908504}.Release|Any CPU.ActiveCfg = Release|Any CPU
		{EB2709CD-1983-4DA8-A022-4AD5C7908504}.Release|Any CPU.Build.0 = Release|Any CPU
		{EE71A777-665A-43A9-8D23-13FA082D86EE}.Debug|Any CPU.ActiveCfg = Debug|Any CPU
		{EE71A777-665A-43A9-8D23-13FA082D86EE}.Debug|Any CPU.Build.0 = Debug|Any CPU
		{EE71A777-665A-43A9-8D23-13FA082D86EE}.Release|Any CPU.ActiveCfg = Release|Any CPU
		{EE71A777-665A-43A9-8D23-13FA082D86EE}.Release|Any CPU.Build.0 = Release|Any CPU
		{661708AB-3ADC-4434-B916-3D583D609A64}.Debug|Any CPU.ActiveCfg = Debug|Any CPU
		{661708AB-3ADC-4434-B916-3D583D609A64}.Debug|Any CPU.Build.0 = Debug|Any CPU
		{661708AB-3ADC-4434-B916-3D583D609A64}.Release|Any CPU.ActiveCfg = Release|Any CPU
		{661708AB-3ADC-4434-B916-3D583D609A64}.Release|Any CPU.Build.0 = Release|Any CPU
		{CA22140A-0216-49CC-B22B-E81AA3B0C959}.Debug|Any CPU.ActiveCfg = Debug|Any CPU
		{CA22140A-0216-49CC-B22B-E81AA3B0C959}.Debug|Any CPU.Build.0 = Debug|Any CPU
		{CA22140A-0216-49CC-B22B-E81AA3B0C959}.Release|Any CPU.ActiveCfg = Release|Any CPU
		{CA22140A-0216-49CC-B22B-E81AA3B0C959}.Release|Any CPU.Build.0 = Release|Any CPU
		{92C3C04D-47F9-48A3-8B40-39585B119DB3}.Debug|Any CPU.ActiveCfg = Debug|Any CPU
		{92C3C04D-47F9-48A3-8B40-39585B119DB3}.Debug|Any CPU.Build.0 = Debug|Any CPU
		{92C3C04D-47F9-48A3-8B40-39585B119DB3}.Release|Any CPU.ActiveCfg = Release|Any CPU
		{92C3C04D-47F9-48A3-8B40-39585B119DB3}.Release|Any CPU.Build.0 = Release|Any CPU
		{F1A002E9-A146-43CF-B6BB-72AA513B0E9A}.Debug|Any CPU.ActiveCfg = Debug|Any CPU
		{F1A002E9-A146-43CF-B6BB-72AA513B0E9A}.Debug|Any CPU.Build.0 = Debug|Any CPU
		{F1A002E9-A146-43CF-B6BB-72AA513B0E9A}.Release|Any CPU.ActiveCfg = Release|Any CPU
		{F1A002E9-A146-43CF-B6BB-72AA513B0E9A}.Release|Any CPU.Build.0 = Release|Any CPU
		{74D4FEA5-6E50-4947-B1FD-DE4172831AD5}.Debug|Any CPU.ActiveCfg = Debug|Any CPU
		{74D4FEA5-6E50-4947-B1FD-DE4172831AD5}.Debug|Any CPU.Build.0 = Debug|Any CPU
		{74D4FEA5-6E50-4947-B1FD-DE4172831AD5}.Release|Any CPU.ActiveCfg = Release|Any CPU
		{74D4FEA5-6E50-4947-B1FD-DE4172831AD5}.Release|Any CPU.Build.0 = Release|Any CPU
		{C898F970-1899-434E-B107-DC2BD5D163E7}.Debug|Any CPU.ActiveCfg = Debug|Any CPU
		{C898F970-1899-434E-B107-DC2BD5D163E7}.Debug|Any CPU.Build.0 = Debug|Any CPU
		{C898F970-1899-434E-B107-DC2BD5D163E7}.Release|Any CPU.ActiveCfg = Release|Any CPU
		{C898F970-1899-434E-B107-DC2BD5D163E7}.Release|Any CPU.Build.0 = Release|Any CPU
		{0647BACC-B9CD-437F-9BF0-28FBD81612E8}.Debug|Any CPU.ActiveCfg = Debug|Any CPU
		{0647BACC-B9CD-437F-9BF0-28FBD81612E8}.Debug|Any CPU.Build.0 = Debug|Any CPU
		{0647BACC-B9CD-437F-9BF0-28FBD81612E8}.Release|Any CPU.ActiveCfg = Release|Any CPU
		{0647BACC-B9CD-437F-9BF0-28FBD81612E8}.Release|Any CPU.Build.0 = Release|Any CPU
		{73984A79-A50A-48D5-B846-2310123CC2FE}.Debug|Any CPU.ActiveCfg = Debug|Any CPU
		{73984A79-A50A-48D5-B846-2310123CC2FE}.Debug|Any CPU.Build.0 = Debug|Any CPU
		{73984A79-A50A-48D5-B846-2310123CC2FE}.Release|Any CPU.ActiveCfg = Release|Any CPU
		{73984A79-A50A-48D5-B846-2310123CC2FE}.Release|Any CPU.Build.0 = Release|Any CPU
		{F2B79747-E0D4-434E-886D-142DFD1F07BF}.Debug|Any CPU.ActiveCfg = Debug|Any CPU
		{F2B79747-E0D4-434E-886D-142DFD1F07BF}.Debug|Any CPU.Build.0 = Debug|Any CPU
		{F2B79747-E0D4-434E-886D-142DFD1F07BF}.Release|Any CPU.ActiveCfg = Release|Any CPU
		{F2B79747-E0D4-434E-886D-142DFD1F07BF}.Release|Any CPU.Build.0 = Release|Any CPU
		{D23FCF8B-02D4-4776-B923-71E2D1C3BBAC}.Debug|Any CPU.ActiveCfg = Debug|Any CPU
		{D23FCF8B-02D4-4776-B923-71E2D1C3BBAC}.Debug|Any CPU.Build.0 = Debug|Any CPU
		{D23FCF8B-02D4-4776-B923-71E2D1C3BBAC}.Release|Any CPU.ActiveCfg = Release|Any CPU
		{D23FCF8B-02D4-4776-B923-71E2D1C3BBAC}.Release|Any CPU.Build.0 = Release|Any CPU
		{77486351-315C-40D9-BD4A-FC7CDEC99080}.Debug|Any CPU.ActiveCfg = Debug|Any CPU
		{77486351-315C-40D9-BD4A-FC7CDEC99080}.Debug|Any CPU.Build.0 = Debug|Any CPU
		{77486351-315C-40D9-BD4A-FC7CDEC99080}.Release|Any CPU.ActiveCfg = Release|Any CPU
		{77486351-315C-40D9-BD4A-FC7CDEC99080}.Release|Any CPU.Build.0 = Release|Any CPU
	EndGlobalSection
	GlobalSection(SolutionProperties) = preSolution
		HideSolutionNode = FALSE
	EndGlobalSection
	GlobalSection(ExtensibilityGlobals) = postSolution
		SolutionGuid = {44633A96-EA65-4479-BFD9-D06818B841B0}
	EndGlobalSection
EndGlobal
